
Microsoft Visual Studio Solution File, Format Version 12.00
# Visual Studio Version 17
VisualStudioVersion = 17.3.32929.385
MinimumVisualStudioVersion = 10.0.40219.1
Project("{FAE04EC0-301F-11D3-BF4B-00C04F79EFBC}") = "Calculator", "Calculator\Calculator.csproj", "{9EFE8449-6F18-46D5-8093-8A64C0BBC2A4}"
EndProject
Global
	GlobalSection(SolutionConfigurationPlatforms) = preSolution
		Debug|Any CPU = Debug|Any CPU
		Release|Any CPU = Release|Any CPU
	EndGlobalSection
	GlobalSection(ProjectConfigurationPlatforms) = postSolution
		{9EFE8449-6F18-46D5-8093-8A64C0BBC2A4}.Debug|Any CPU.ActiveCfg = Debug|Any CPU
		{9EFE8449-6F18-46D5-8093-8A64C0BBC2A4}.Debug|Any CPU.Build.0 = Debug|Any CPU
		{9EFE8449-6F18-46D5-8093-8A64C0BBC2A4}.Release|Any CPU.ActiveCfg = Release|Any CPU
		{9EFE8449-6F18-46D5-8093-8A64C0BBC2A4}.Release|Any CPU.Build.0 = Release|Any CPU
	EndGlobalSection
	GlobalSection(SolutionProperties) = preSolution
		HideSolutionNode = FALSE
	EndGlobalSection
	GlobalSection(ExtensibilityGlobals) = postSolution
		SolutionGuid = {E335C174-EFA9-4A71-B2B6-D2AB9628FF8C}
	EndGlobalSection
EndGlobal
